// !$*UTF8*$!
{
	archiveVersion = 1;
	classes = {
	};
	objectVersion = 50;
	objects = {

/* Begin PBXBuildFile section */
		24A025822561C78800EBD2F4 /* AppDelegate.swift in Sources */ = {isa = PBXBuildFile; fileRef = 24A025812561C78800EBD2F4 /* AppDelegate.swift */; };
		24A025842561C78800EBD2F4 /* SceneDelegate.swift in Sources */ = {isa = PBXBuildFile; fileRef = 24A025832561C78800EBD2F4 /* SceneDelegate.swift */; };
		24A025862561C78800EBD2F4 /* ViewController.swift in Sources */ = {isa = PBXBuildFile; fileRef = 24A025852561C78800EBD2F4 /* ViewController.swift */; };
		24A025892561C78800EBD2F4 /* Main.storyboard in Resources */ = {isa = PBXBuildFile; fileRef = 24A025872561C78800EBD2F4 /* Main.storyboard */; };
		24A0258B2561C78900EBD2F4 /* Assets.xcassets in Resources */ = {isa = PBXBuildFile; fileRef = 24A0258A2561C78900EBD2F4 /* Assets.xcassets */; };
		24A0258E2561C78900EBD2F4 /* LaunchScreen.storyboard in Resources */ = {isa = PBXBuildFile; fileRef = 24A0258C2561C78900EBD2F4 /* LaunchScreen.storyboard */; };
		24A025992561C78900EBD2F4 /* YazilimciyizUygulamasiTests.swift in Sources */ = {isa = PBXBuildFile; fileRef = 24A025982561C78900EBD2F4 /* YazilimciyizUygulamasiTests.swift */; };
		24A025A42561C78900EBD2F4 /* YazilimciyizUygulamasiUITests.swift in Sources */ = {isa = PBXBuildFile; fileRef = 24A025A32561C78900EBD2F4 /* YazilimciyizUygulamasiUITests.swift */; };
/* End PBXBuildFile section */

/* Begin PBXContainerItemProxy section */
		24A025952561C78900EBD2F4 /* PBXContainerItemProxy */ = {
			isa = PBXContainerItemProxy;
			containerPortal = 24A025762561C78800EBD2F4 /* Project object */;
			proxyType = 1;
			remoteGlobalIDString = 24A0257D2561C78800EBD2F4;
			remoteInfo = YazilimciyizUygulamasi;
		};
		24A025A02561C78900EBD2F4 /* PBXContainerItemProxy */ = {
			isa = PBXContainerItemProxy;
			containerPortal = 24A025762561C78800EBD2F4 /* Project object */;
			proxyType = 1;
			remoteGlobalIDString = 24A0257D2561C78800EBD2F4;
			remoteInfo = YazilimciyizUygulamasi;
		};
/* End PBXContainerItemProxy section */

/* Begin PBXFileReference section */
		24A0257E2561C78800EBD2F4 /* YazilimciyizUygulamasi.app */ = {isa = PBXFileReference; explicitFileType = wrapper.application; includeInIndex = 0; path = YazilimciyizUygulamasi.app; sourceTree = BUILT_PRODUCTS_DIR; };
		24A025812561C78800EBD2F4 /* AppDelegate.swift */ = {isa = PBXFileReference; lastKnownFileType = sourcecode.swift; path = AppDelegate.swift; sourceTree = "<group>"; };
		24A025832561C78800EBD2F4 /* SceneDelegate.swift */ = {isa = PBXFileReference; lastKnownFileType = sourcecode.swift; path = SceneDelegate.swift; sourceTree = "<group>"; };
		24A025852561C78800EBD2F4 /* ViewController.swift */ = {isa = PBXFileReference; lastKnownFileType = sourcecode.swift; path = ViewController.swift; sourceTree = "<group>"; };
		24A025882561C78800EBD2F4 /* Base */ = {isa = PBXFileReference; lastKnownFileType = file.storyboard; name = Base; path = Base.lproj/Main.storyboard; sourceTree = "<group>"; };
		24A0258A2561C78900EBD2F4 /* Assets.xcassets */ = {isa = PBXFileReference; lastKnownFileType = folder.assetcatalog; path = Assets.xcassets; sourceTree = "<group>"; };
		24A0258D2561C78900EBD2F4 /* Base */ = {isa = PBXFileReference; lastKnownFileType = file.storyboard; name = Base; path = Base.lproj/LaunchScreen.storyboard; sourceTree = "<group>"; };
		24A0258F2561C78900EBD2F4 /* Info.plist */ = {isa = PBXFileReference; lastKnownFileType = text.plist.xml; path = Info.plist; sourceTree = "<group>"; };
		24A025942561C78900EBD2F4 /* YazilimciyizUygulamasiTests.xctest */ = {isa = PBXFileReference; explicitFileType = wrapper.cfbundle; includeInIndex = 0; path = YazilimciyizUygulamasiTests.xctest; sourceTree = BUILT_PRODUCTS_DIR; };
		24A025982561C78900EBD2F4 /* YazilimciyizUygulamasiTests.swift */ = {isa = PBXFileReference; lastKnownFileType = sourcecode.swift; path = YazilimciyizUygulamasiTests.swift; sourceTree = "<group>"; };
		24A0259A2561C78900EBD2F4 /* Info.plist */ = {isa = PBXFileReference; lastKnownFileType = text.plist.xml; path = Info.plist; sourceTree = "<group>"; };
		24A0259F2561C78900EBD2F4 /* YazilimciyizUygulamasiUITests.xctest */ = {isa = PBXFileReference; explicitFileType = wrapper.cfbundle; includeInIndex = 0; path = YazilimciyizUygulamasiUITests.xctest; sourceTree = BUILT_PRODUCTS_DIR; };
		24A025A32561C78900EBD2F4 /* YazilimciyizUygulamasiUITests.swift */ = {isa = PBXFileReference; lastKnownFileType = sourcecode.swift; path = YazilimciyizUygulamasiUITests.swift; sourceTree = "<group>"; };
		24A025A52561C78900EBD2F4 /* Info.plist */ = {isa = PBXFileReference; lastKnownFileType = text.plist.xml; path = Info.plist; sourceTree = "<group>"; };
/* End PBXFileReference section */

/* Begin PBXFrameworksBuildPhase section */
		24A0257B2561C78800EBD2F4 /* Frameworks */ = {
			isa = PBXFrameworksBuildPhase;
			buildActionMask = 2147483647;
			files = (
			);
			runOnlyForDeploymentPostprocessing = 0;
		};
		24A025912561C78900EBD2F4 /* Frameworks */ = {
			isa = PBXFrameworksBuildPhase;
			buildActionMask = 2147483647;
			files = (
			);
			runOnlyForDeploymentPostprocessing = 0;
		};
		24A0259C2561C78900EBD2F4 /* Frameworks */ = {
			isa = PBXFrameworksBuildPhase;
			buildActionMask = 2147483647;
			files = (
			);
			runOnlyForDeploymentPostprocessing = 0;
		};
/* End PBXFrameworksBuildPhase section */

/* Begin PBXGroup section */
		24A025752561C78800EBD2F4 = {
			isa = PBXGroup;
			children = (
				24A025802561C78800EBD2F4 /* YazilimciyizUygulamasi */,
				24A025972561C78900EBD2F4 /* YazilimciyizUygulamasiTests */,
				24A025A22561C78900EBD2F4 /* YazilimciyizUygulamasiUITests */,
				24A0257F2561C78800EBD2F4 /* Products */,
			);
			sourceTree = "<group>";
		};
		24A0257F2561C78800EBD2F4 /* Products */ = {
			isa = PBXGroup;
			children = (
				24A0257E2561C78800EBD2F4 /* YazilimciyizUygulamasi.app */,
				24A025942561C78900EBD2F4 /* YazilimciyizUygulamasiTests.xctest */,
				24A0259F2561C78900EBD2F4 /* YazilimciyizUygulamasiUITests.xctest */,
			);
			name = Products;
			sourceTree = "<group>";
		};
		24A025802561C78800EBD2F4 /* YazilimciyizUygulamasi */ = {
			isa = PBXGroup;
			children = (
				24A025812561C78800EBD2F4 /* AppDelegate.swift */,
				24A025832561C78800EBD2F4 /* SceneDelegate.swift */,
				24A025852561C78800EBD2F4 /* ViewController.swift */,
				24A025872561C78800EBD2F4 /* Main.storyboard */,
				24A0258A2561C78900EBD2F4 /* Assets.xcassets */,
				24A0258C2561C78900EBD2F4 /* LaunchScreen.storyboard */,
				24A0258F2561C78900EBD2F4 /* Info.plist */,
			);
			path = YazilimciyizUygulamasi;
			sourceTree = "<group>";
		};
		24A025972561C78900EBD2F4 /* YazilimciyizUygulamasiTests */ = {
			isa = PBXGroup;
			children = (
				24A025982561C78900EBD2F4 /* YazilimciyizUygulamasiTests.swift */,
				24A0259A2561C78900EBD2F4 /* Info.plist */,
			);
			path = YazilimciyizUygulamasiTests;
			sourceTree = "<group>";
		};
		24A025A22561C78900EBD2F4 /* YazilimciyizUygulamasiUITests */ = {
			isa = PBXGroup;
			children = (
				24A025A32561C78900EBD2F4 /* YazilimciyizUygulamasiUITests.swift */,
				24A025A52561C78900EBD2F4 /* Info.plist */,
			);
			path = YazilimciyizUygulamasiUITests;
			sourceTree = "<group>";
		};
/* End PBXGroup section */

/* Begin PBXNativeTarget section */
		24A0257D2561C78800EBD2F4 /* YazilimciyizUygulamasi */ = {
			isa = PBXNativeTarget;
			buildConfigurationList = 24A025A82561C78900EBD2F4 /* Build configuration list for PBXNativeTarget "YazilimciyizUygulamasi" */;
			buildPhases = (
				24A0257A2561C78800EBD2F4 /* Sources */,
				24A0257B2561C78800EBD2F4 /* Frameworks */,
				24A0257C2561C78800EBD2F4 /* Resources */,
			);
			buildRules = (
			);
			dependencies = (
			);
			name = YazilimciyizUygulamasi;
			productName = YazilimciyizUygulamasi;
			productReference = 24A0257E2561C78800EBD2F4 /* YazilimciyizUygulamasi.app */;
			productType = "com.apple.product-type.application";
		};
		24A025932561C78900EBD2F4 /* YazilimciyizUygulamasiTests */ = {
			isa = PBXNativeTarget;
			buildConfigurationList = 24A025AB2561C78900EBD2F4 /* Build configuration list for PBXNativeTarget "YazilimciyizUygulamasiTests" */;
			buildPhases = (
				24A025902561C78900EBD2F4 /* Sources */,
				24A025912561C78900EBD2F4 /* Frameworks */,
				24A025922561C78900EBD2F4 /* Resources */,
			);
			buildRules = (
			);
			dependencies = (
				24A025962561C78900EBD2F4 /* PBXTargetDependency */,
			);
			name = YazilimciyizUygulamasiTests;
			productName = YazilimciyizUygulamasiTests;
			productReference = 24A025942561C78900EBD2F4 /* YazilimciyizUygulamasiTests.xctest */;
			productType = "com.apple.product-type.bundle.unit-test";
		};
		24A0259E2561C78900EBD2F4 /* YazilimciyizUygulamasiUITests */ = {
			isa = PBXNativeTarget;
			buildConfigurationList = 24A025AE2561C78900EBD2F4 /* Build configuration list for PBXNativeTarget "YazilimciyizUygulamasiUITests" */;
			buildPhases = (
				24A0259B2561C78900EBD2F4 /* Sources */,
				24A0259C2561C78900EBD2F4 /* Frameworks */,
				24A0259D2561C78900EBD2F4 /* Resources */,
			);
			buildRules = (
			);
			dependencies = (
				24A025A12561C78900EBD2F4 /* PBXTargetDependency */,
			);
			name = YazilimciyizUygulamasiUITests;
			productName = YazilimciyizUygulamasiUITests;
			productReference = 24A0259F2561C78900EBD2F4 /* YazilimciyizUygulamasiUITests.xctest */;
			productType = "com.apple.product-type.bundle.ui-testing";
		};
/* End PBXNativeTarget section */

/* Begin PBXProject section */
		24A025762561C78800EBD2F4 /* Project object */ = {
			isa = PBXProject;
			attributes = {
				LastSwiftUpdateCheck = 1160;
				LastUpgradeCheck = 1160;
				ORGANIZATIONNAME = "Ayşe Nur Bakırcı";
				TargetAttributes = {
					24A0257D2561C78800EBD2F4 = {
						CreatedOnToolsVersion = 11.6;
					};
					24A025932561C78900EBD2F4 = {
						CreatedOnToolsVersion = 11.6;
						TestTargetID = 24A0257D2561C78800EBD2F4;
					};
					24A0259E2561C78900EBD2F4 = {
						CreatedOnToolsVersion = 11.6;
						TestTargetID = 24A0257D2561C78800EBD2F4;
					};
				};
			};
			buildConfigurationList = 24A025792561C78800EBD2F4 /* Build configuration list for PBXProject "YazilimciyizUygulamasi" */;
			compatibilityVersion = "Xcode 9.3";
			developmentRegion = en;
			hasScannedForEncodings = 0;
			knownRegions = (
				en,
				Base,
			);
			mainGroup = 24A025752561C78800EBD2F4;
			productRefGroup = 24A0257F2561C78800EBD2F4 /* Products */;
			projectDirPath = "";
			projectRoot = "";
			targets = (
				24A0257D2561C78800EBD2F4 /* YazilimciyizUygulamasi */,
				24A025932561C78900EBD2F4 /* YazilimciyizUygulamasiTests */,
				24A0259E2561C78900EBD2F4 /* YazilimciyizUygulamasiUITests */,
			);
		};
/* End PBXProject section */

/* Begin PBXResourcesBuildPhase section */
		24A0257C2561C78800EBD2F4 /* Resources */ = {
			isa = PBXResourcesBuildPhase;
			buildActionMask = 2147483647;
			files = (
				24A0258E2561C78900EBD2F4 /* LaunchScreen.storyboard in Resources */,
				24A0258B2561C78900EBD2F4 /* Assets.xcassets in Resources */,
				24A025892561C78800EBD2F4 /* Main.storyboard in Resources */,
			);
			runOnlyForDeploymentPostprocessing = 0;
		};
		24A025922561C78900EBD2F4 /* Resources */ = {
			isa = PBXResourcesBuildPhase;
			buildActionMask = 2147483647;
			files = (
			);
			runOnlyForDeploymentPostprocessing = 0;
		};
		24A0259D2561C78900EBD2F4 /* Resources */ = {
			isa = PBXResourcesBuildPhase;
			buildActionMask = 2147483647;
			files = (
			);
			runOnlyForDeploymentPostprocessing = 0;
		};
/* End PBXResourcesBuildPhase section */

/* Begin PBXSourcesBuildPhase section */
		24A0257A2561C78800EBD2F4 /* Sources */ = {
			isa = PBXSourcesBuildPhase;
			buildActionMask = 2147483647;
			files = (
				24A025862561C78800EBD2F4 /* ViewController.swift in Sources */,
				24A025822561C78800EBD2F4 /* AppDelegate.swift in Sources */,
				24A025842561C78800EBD2F4 /* SceneDelegate.swift in Sources */,
			);
			runOnlyForDeploymentPostprocessing = 0;
		};
		24A025902561C78900EBD2F4 /* Sources */ = {
			isa = PBXSourcesBuildPhase;
			buildActionMask = 2147483647;
			files = (
				24A025992561C78900EBD2F4 /* YazilimciyizUygulamasiTests.swift in Sources */,
			);
			runOnlyForDeploymentPostprocessing = 0;
		};
		24A0259B2561C78900EBD2F4 /* Sources */ = {
			isa = PBXSourcesBuildPhase;
			buildActionMask = 2147483647;
			files = (
				24A025A42561C78900EBD2F4 /* YazilimciyizUygulamasiUITests.swift in Sources */,
			);
			runOnlyForDeploymentPostprocessing = 0;
		};
/* End PBXSourcesBuildPhase section */

/* Begin PBXTargetDependency section */
		24A025962561C78900EBD2F4 /* PBXTargetDependency */ = {
			isa = PBXTargetDependency;
			target = 24A0257D2561C78800EBD2F4 /* YazilimciyizUygulamasi */;
			targetProxy = 24A025952561C78900EBD2F4 /* PBXContainerItemProxy */;
		};
		24A025A12561C78900EBD2F4 /* PBXTargetDependency */ = {
			isa = PBXTargetDependency;
			target = 24A0257D2561C78800EBD2F4 /* YazilimciyizUygulamasi */;
			targetProxy = 24A025A02561C78900EBD2F4 /* PBXContainerItemProxy */;
		};
/* End PBXTargetDependency section */

/* Begin PBXVariantGroup section */
		24A025872561C78800EBD2F4 /* Main.storyboard */ = {
			isa = PBXVariantGroup;
			children = (
				24A025882561C78800EBD2F4 /* Base */,
			);
			name = Main.storyboard;
			sourceTree = "<group>";
		};
		24A0258C2561C78900EBD2F4 /* LaunchScreen.storyboard */ = {
			isa = PBXVariantGroup;
			children = (
				24A0258D2561C78900EBD2F4 /* Base */,
			);
			name = LaunchScreen.storyboard;
			sourceTree = "<group>";
		};
/* End PBXVariantGroup section */

/* Begin XCBuildConfiguration section */
		24A025A62561C78900EBD2F4 /* Debug */ = {
			isa = XCBuildConfiguration;
			buildSettings = {
				ALWAYS_SEARCH_USER_PATHS = NO;
				CLANG_ANALYZER_NONNULL = YES;
				CLANG_ANALYZER_NUMBER_OBJECT_CONVERSION = YES_AGGRESSIVE;
				CLANG_CXX_LANGUAGE_STANDARD = "gnu++14";
				CLANG_CXX_LIBRARY = "libc++";
				CLANG_ENABLE_MODULES = YES;
				CLANG_ENABLE_OBJC_ARC = YES;
				CLANG_ENABLE_OBJC_WEAK = YES;
				CLANG_WARN_BLOCK_CAPTURE_AUTORELEASING = YES;
				CLANG_WARN_BOOL_CONVERSION = YES;
				CLANG_WARN_COMMA = YES;
				CLANG_WARN_CONSTANT_CONVERSION = YES;
				CLANG_WARN_DEPRECATED_OBJC_IMPLEMENTATIONS = YES;
				CLANG_WARN_DIRECT_OBJC_ISA_USAGE = YES_ERROR;
				CLANG_WARN_DOCUMENTATION_COMMENTS = YES;
				CLANG_WARN_EMPTY_BODY = YES;
				CLANG_WARN_ENUM_CONVERSION = YES;
				CLANG_WARN_INFINITE_RECURSION = YES;
				CLANG_WARN_INT_CONVERSION = YES;
				CLANG_WARN_NON_LITERAL_NULL_CONVERSION = YES;
				CLANG_WARN_OBJC_IMPLICIT_RETAIN_SELF = YES;
				CLANG_WARN_OBJC_LITERAL_CONVERSION = YES;
				CLANG_WARN_OBJC_ROOT_CLASS = YES_ERROR;
				CLANG_WARN_RANGE_LOOP_ANALYSIS = YES;
				CLANG_WARN_STRICT_PROTOTYPES = YES;
				CLANG_WARN_SUSPICIOUS_MOVE = YES;
				CLANG_WARN_UNGUARDED_AVAILABILITY = YES_AGGRESSIVE;
				CLANG_WARN_UNREACHABLE_CODE = YES;
				CLANG_WARN__DUPLICATE_METHOD_MATCH = YES;
				COPY_PHASE_STRIP = NO;
				DEBUG_INFORMATION_FORMAT = dwarf;
				ENABLE_STRICT_OBJC_MSGSEND = YES;
				ENABLE_TESTABILITY = YES;
				GCC_C_LANGUAGE_STANDARD = gnu11;
				GCC_DYNAMIC_NO_PIC = NO;
				GCC_NO_COMMON_BLOCKS = YES;
				GCC_OPTIMIZATION_LEVEL = 0;
				GCC_PREPROCESSOR_DEFINITIONS = (
					"DEBUG=1",
					"$(inherited)",
				);
				GCC_WARN_64_TO_32_BIT_CONVERSION = YES;
				GCC_WARN_ABOUT_RETURN_TYPE = YES_ERROR;
				GCC_WARN_UNDECLARED_SELECTOR = YES;
				GCC_WARN_UNINITIALIZED_AUTOS = YES_AGGRESSIVE;
				GCC_WARN_UNUSED_FUNCTION = YES;
				GCC_WARN_UNUSED_VARIABLE = YES;
				IPHONEOS_DEPLOYMENT_TARGET = 13.6;
				MTL_ENABLE_DEBUG_INFO = INCLUDE_SOURCE;
				MTL_FAST_MATH = YES;
				ONLY_ACTIVE_ARCH = YES;
				SDKROOT = iphoneos;
				SWIFT_ACTIVE_COMPILATION_CONDITIONS = DEBUG;
				SWIFT_OPTIMIZATION_LEVEL = "-Onone";
			};
			name = Debug;
		};
		24A025A72561C78900EBD2F4 /* Release */ = {
			isa = XCBuildConfiguration;
			buildSettings = {
				ALWAYS_SEARCH_USER_PATHS = NO;
				CLANG_ANALYZER_NONNULL = YES;
				CLANG_ANALYZER_NUMBER_OBJECT_CONVERSION = YES_AGGRESSIVE;
				CLANG_CXX_LANGUAGE_STANDARD = "gnu++14";
				CLANG_CXX_LIBRARY = "libc++";
				CLANG_ENABLE_MODULES = YES;
				CLANG_ENABLE_OBJC_ARC = YES;
				CLANG_ENABLE_OBJC_WEAK = YES;
				CLANG_WARN_BLOCK_CAPTURE_AUTORELEASING = YES;
				CLANG_WARN_BOOL_CONVERSION = YES;
				CLANG_WARN_COMMA = YES;
				CLANG_WARN_CONSTANT_CONVERSION = YES;
				CLANG_WARN_DEPRECATED_OBJC_IMPLEMENTATIONS = YES;
				CLANG_WARN_DIRECT_OBJC_ISA_USAGE = YES_ERROR;
				CLANG_WARN_DOCUMENTATION_COMMENTS = YES;
				CLANG_WARN_EMPTY_BODY = YES;
				CLANG_WARN_ENUM_CONVERSION = YES;
				CLANG_WARN_INFINITE_RECURSION = YES;
				CLANG_WARN_INT_CONVERSION = YES;
				CLANG_WARN_NON_LITERAL_NULL_CONVERSION = YES;
				CLANG_WARN_OBJC_IMPLICIT_RETAIN_SELF = YES;
				CLANG_WARN_OBJC_LITERAL_CONVERSION = YES;
				CLANG_WARN_OBJC_ROOT_CLASS = YES_ERROR;
				CLANG_WARN_RANGE_LOOP_ANALYSIS = YES;
				CLANG_WARN_STRICT_PROTOTYPES = YES;
				CLANG_WARN_SUSPICIOUS_MOVE = YES;
				CLANG_WARN_UNGUARDED_AVAILABILITY = YES_AGGRESSIVE;
				CLANG_WARN_UNREACHABLE_CODE = YES;
				CLANG_WARN__DUPLICATE_METHOD_MATCH = YES;
				COPY_PHASE_STRIP = NO;
				DEBUG_INFORMATION_FORMAT = "dwarf-with-dsym";
				ENABLE_NS_ASSERTIONS = NO;
				ENABLE_STRICT_OBJC_MSGSEND = YES;
				GCC_C_LANGUAGE_STANDARD = gnu11;
				GCC_NO_COMMON_BLOCKS = YES;
				GCC_WARN_64_TO_32_BIT_CONVERSION = YES;
				GCC_WARN_ABOUT_RETURN_TYPE = YES_ERROR;
				GCC_WARN_UNDECLARED_SELECTOR = YES;
				GCC_WARN_UNINITIALIZED_AUTOS = YES_AGGRESSIVE;
				GCC_WARN_UNUSED_FUNCTION = YES;
				GCC_WARN_UNUSED_VARIABLE = YES;
				IPHONEOS_DEPLOYMENT_TARGET = 13.6;
				MTL_ENABLE_DEBUG_INFO = NO;
				MTL_FAST_MATH = YES;
				SDKROOT = iphoneos;
				SWIFT_COMPILATION_MODE = wholemodule;
				SWIFT_OPTIMIZATION_LEVEL = "-O";
				VALIDATE_PRODUCT = YES;
			};
			name = Release;
		};
		24A025A92561C78900EBD2F4 /* Debug */ = {
			isa = XCBuildConfiguration;
			buildSettings = {
				ASSETCATALOG_COMPILER_APPICON_NAME = AppIcon;
				CODE_SIGN_STYLE = Automatic;
				INFOPLIST_FILE = YazilimciyizUygulamasi/Info.plist;
				LD_RUNPATH_SEARCH_PATHS = (
					"$(inherited)",
					"@executable_path/Frameworks",
				);
				PRODUCT_BUNDLE_IDENTIFIER = aysenurbakircii.YazilimciyizUygulamasi;
				PRODUCT_NAME = "$(TARGET_NAME)";
				SWIFT_VERSION = 5.0;
				TARGETED_DEVICE_FAMILY = "1,2";
			};
			name = Debug;
		};
		24A025AA2561C78900EBD2F4 /* Release */ = {
			isa = XCBuildConfiguration;
			buildSettings = {
				ASSETCATALOG_COMPILER_APPICON_NAME = AppIcon;
				CODE_SIGN_STYLE = Automatic;
				INFOPLIST_FILE = YazilimciyizUygulamasi/Info.plist;
				LD_RUNPATH_SEARCH_PATHS = (
					"$(inherited)",
					"@executable_path/Frameworks",
				);
				PRODUCT_BUNDLE_IDENTIFIER = aysenurbakircii.YazilimciyizUygulamasi;
				PRODUCT_NAME = "$(TARGET_NAME)";
				SWIFT_VERSION = 5.0;
				TARGETED_DEVICE_FAMILY = "1,2";
			};
			name = Release;
		};
		24A025AC2561C78900EBD2F4 /* Debug */ = {
			isa = XCBuildConfiguration;
			buildSettings = {
				ALWAYS_EMBED_SWIFT_STANDARD_LIBRARIES = YES;
				BUNDLE_LOADER = "$(TEST_HOST)";
				CODE_SIGN_STYLE = Automatic;
				INFOPLIST_FILE = YazilimciyizUygulamasiTests/Info.plist;
				IPHONEOS_DEPLOYMENT_TARGET = 13.6;
				LD_RUNPATH_SEARCH_PATHS = (
					"$(inherited)",
					"@executable_path/Frameworks",
					"@loader_path/Frameworks",
				);
				PRODUCT_BUNDLE_IDENTIFIER = aysenurbakircii.YazilimciyizUygulamasiTests;
				PRODUCT_NAME = "$(TARGET_NAME)";
				SWIFT_VERSION = 5.0;
				TARGETED_DEVICE_FAMILY = "1,2";
				TEST_HOST = "$(BUILT_PRODUCTS_DIR)/YazilimciyizUygulamasi.app/YazilimciyizUygulamasi";
			};
			name = Debug;
		};
		24A025AD2561C78900EBD2F4 /* Release */ = {
			isa = XCBuildConfiguration;
			buildSettings = {
				ALWAYS_EMBED_SWIFT_STANDARD_LIBRARIES = YES;
				BUNDLE_LOADER = "$(TEST_HOST)";
				CODE_SIGN_STYLE = Automatic;
				INFOPLIST_FILE = YazilimciyizUygulamasiTests/Info.plist;
				IPHONEOS_DEPLOYMENT_TARGET = 13.6;
				LD_RUNPATH_SEARCH_PATHS = (
					"$(inherited)",
					"@executable_path/Frameworks",
					"@loader_path/Frameworks",
				);
				PRODUCT_BUNDLE_IDENTIFIER = aysenurbakircii.YazilimciyizUygulamasiTests;
				PRODUCT_NAME = "$(TARGET_NAME)";
				SWIFT_VERSION = 5.0;
				TARGETED_DEVICE_FAMILY = "1,2";
				TEST_HOST = "$(BUILT_PRODUCTS_DIR)/YazilimciyizUygulamasi.app/YazilimciyizUygulamasi";
			};
			name = Release;
		};
		24A025AF2561C78900EBD2F4 /* Debug */ = {
			isa = XCBuildConfiguration;
			buildSettings = {
				ALWAYS_EMBED_SWIFT_STANDARD_LIBRARIES = YES;
				CODE_SIGN_STYLE = Automatic;
				INFOPLIST_FILE = YazilimciyizUygulamasiUITests/Info.plist;
				LD_RUNPATH_SEARCH_PATHS = (
					"$(inherited)",
					"@executable_path/Frameworks",
					"@loader_path/Frameworks",
				);
				PRODUCT_BUNDLE_IDENTIFIER = aysenurbakircii.YazilimciyizUygulamasiUITests;
				PRODUCT_NAME = "$(TARGET_NAME)";
				SWIFT_VERSION = 5.0;
				TARGETED_DEVICE_FAMILY = "1,2";
				TEST_TARGET_NAME = YazilimciyizUygulamasi;
			};
			name = Debug;
		};
		24A025B02561C78900EBD2F4 /* Release */ = {
			isa = XCBuildConfiguration;
			buildSettings = {
				ALWAYS_EMBED_SWIFT_STANDARD_LIBRARIES = YES;
				CODE_SIGN_STYLE = Automatic;
				INFOPLIST_FILE = YazilimciyizUygulamasiUITests/Info.plist;
				LD_RUNPATH_SEARCH_PATHS = (
					"$(inherited)",
					"@executable_path/Frameworks",
					"@loader_path/Frameworks",
				);
				PRODUCT_BUNDLE_IDENTIFIER = aysenurbakircii.YazilimciyizUygulamasiUITests;
				PRODUCT_NAME = "$(TARGET_NAME)";
				SWIFT_VERSION = 5.0;
				TARGETED_DEVICE_FAMILY = "1,2";
				TEST_TARGET_NAME = YazilimciyizUygulamasi;
			};
			name = Release;
		};
/* End XCBuildConfiguration section */

/* Begin XCConfigurationList section */
		24A025792561C78800EBD2F4 /* Build configuration list for PBXProject "YazilimciyizUygulamasi" */ = {
			isa = XCConfigurationList;
			buildConfigurations = (
				24A025A62561C78900EBD2F4 /* Debug */,
				24A025A72561C78900EBD2F4 /* Release */,
			);
			defaultConfigurationIsVisible = 0;
			defaultConfigurationName = Release;
		};
		24A025A82561C78900EBD2F4 /* Build configuration list for PBXNativeTarget "YazilimciyizUygulamasi" */ = {
			isa = XCConfigurationList;
			buildConfigurations = (
				24A025A92561C78900EBD2F4 /* Debug */,
				24A025AA2561C78900EBD2F4 /* Release */,
			);
			defaultConfigurationIsVisible = 0;
			defaultConfigurationName = Release;
		};
		24A025AB2561C78900EBD2F4 /* Build configuration list for PBXNativeTarget "YazilimciyizUygulamasiTests" */ = {
			isa = XCConfigurationList;
			buildConfigurations = (
				24A025AC2561C78900EBD2F4 /* Debug */,
				24A025AD2561C78900EBD2F4 /* Release */,
			);
			defaultConfigurationIsVisible = 0;
			defaultConfigurationName = Release;
		};
		24A025AE2561C78900EBD2F4 /* Build configuration list for PBXNativeTarget "YazilimciyizUygulamasiUITests" */ = {
			isa = XCConfigurationList;
			buildConfigurations = (
				24A025AF2561C78900EBD2F4 /* Debug */,
				24A025B02561C78900EBD2F4 /* Release */,
			);
			defaultConfigurationIsVisible = 0;
			defaultConfigurationName = Release;
		};
/* End XCConfigurationList section */
	};
	rootObject = 24A025762561C78800EBD2F4 /* Project object */;
}
